<Solution>
  <Project Path="mueblesGeanella.API/mueblesGeanella.API.csproj" Id="ebefbb16-90d8-4922-b11a-f955444ddfce" />
  <Project Path="mueblesGeanella.CONSUMER/mueblesGeanella.CONSUMER.csproj" Id="3b1d1d08-4840-4e19-bce9-c52c67f3cb30" />
  <Project Path="mueblesGeanella.Modelos/mueblesGeanella.Modelos.csproj" />
  <Project Path="mueblesGeanella.MVC/mueblesGeanella.MVC.csproj" Id="413a9f42-9f06-42a6-8cc0-01388d4c3bfb" />
</Solution>
